
Microsoft Visual Studio Solution File, Format Version 12.00
# Visual Studio Version 16
VisualStudioVersion = 16.0.30104.148
MinimumVisualStudioVersion = 10.0.40219.1
Project("{FAE04EC0-301F-11D3-BF4B-00C04F79EFBC}") = "ItemEditor", "Source\ItemEditor.csproj", "{9A90BE1A-4A8F-4BFE-92E7-2C0EF64D850C}"
	ProjectSection(ProjectDependencies) = postProject
		{CEF21172-258C-4D0D-B024-ED7EF99612A2} = {CEF21172-258C-4D0D-B024-ED7EF99612A2}
	EndProjectSection
EndProject
Project("{FAE04EC0-301F-11D3-BF4B-00C04F79EFBC}") = "PluginOne", "Source\PluginOne\PluginOne.csproj", "{4624E915-FB86-4DDB-ACA6-A2313F70BA9C}"
EndProject
Project("{FAE04EC0-301F-11D3-BF4B-00C04F79EFBC}") = "PluginThree", "Source\PluginThree\PluginThree.csproj", "{C43F73B7-D5D6-40D9-AD17-BA95FFDD7769}"
EndProject
Project("{FAE04EC0-301F-11D3-BF4B-00C04F79EFBC}") = "PluginTwo", "Source\PluginTwo\PluginTwo.csproj", "{3624E915-FB86-4DDB-ACA6-A2313F70BA9C}"
EndProject
Project("{FAE04EC0-301F-11D3-BF4B-00C04F79EFBC}") = "PluginInterface", "Source\PluginInterface\PluginInterface.csproj", "{CEF21172-258C-4D0D-B024-ED7EF99612A2}"
EndProject
Project("{FAE04EC0-301F-11D3-BF4B-00C04F79EFBC}") = "DarkUI", "ThirdParty\DarkUI\DarkUI.csproj", "{F19472F5-8C44-4C51-A8A0-B9DE5F555255}"
EndProject
Global
	GlobalSection(SolutionConfigurationPlatforms) = preSolution
		Debug|Any CPU = Debug|Any CPU
		Debug|x64 = Debug|x64
		Debug|x86 = Debug|x86
		Release|Any CPU = Release|Any CPU
		Release|x64 = Release|x64
		Release|x86 = Release|x86
	EndGlobalSection
	GlobalSection(ProjectConfigurationPlatforms) = postSolution
		{9A90BE1A-4A8F-4BFE-92E7-2C0EF64D850C}.Debug|Any CPU.ActiveCfg = Debug|Any CPU
		{9A90BE1A-4A8F-4BFE-92E7-2C0EF64D850C}.Debug|Any CPU.Build.0 = Debug|Any CPU
		{9A90BE1A-4A8F-4BFE-92E7-2C0EF64D850C}.Debug|x64.ActiveCfg = Debug|x64
		{9A90BE1A-4A8F-4BFE-92E7-2C0EF64D850C}.Debug|x64.Build.0 = Debug|x64
		{9A90BE1A-4A8F-4BFE-92E7-2C0EF64D850C}.Debug|x86.ActiveCfg = Debug|x86
		{9A90BE1A-4A8F-4BFE-92E7-2C0EF64D850C}.Debug|x86.Build.0 = Debug|x86
		{9A90BE1A-4A8F-4BFE-92E7-2C0EF64D850C}.Release|Any CPU.ActiveCfg = Release|Any CPU
		{9A90BE1A-4A8F-4BFE-92E7-2C0EF64D850C}.Release|Any CPU.Build.0 = Release|Any CPU
		{9A90BE1A-4A8F-4BFE-92E7-2C0EF64D850C}.Release|x64.ActiveCfg = Release|x64
		{9A90BE1A-4A8F-4BFE-92E7-2C0EF64D850C}.Release|x64.Build.0 = Release|x64
		{9A90BE1A-4A8F-4BFE-92E7-2C0EF64D850C}.Release|x86.ActiveCfg = Release|x86
		{9A90BE1A-4A8F-4BFE-92E7-2C0EF64D850C}.Release|x86.Build.0 = Release|x86
		{4624E915-FB86-4DDB-ACA6-A2313F70BA9C}.Debug|Any CPU.ActiveCfg = Debug|Any CPU
		{4624E915-FB86-4DDB-ACA6-A2313F70BA9C}.Debug|Any CPU.Build.0 = Debug|Any CPU
		{4624E915-FB86-4DDB-ACA6-A2313F70BA9C}.Debug|x64.ActiveCfg = Debug|x64
		{4624E915-FB86-4DDB-ACA6-A2313F70BA9C}.Debug|x64.Build.0 = Debug|x64
		{4624E915-FB86-4DDB-ACA6-A2313F70BA9C}.Debug|x86.ActiveCfg = Debug|x86
		{4624E915-FB86-4DDB-ACA6-A2313F70BA9C}.Debug|x86.Build.0 = Debug|x86
		{4624E915-FB86-4DDB-ACA6-A2313F70BA9C}.Release|Any CPU.ActiveCfg = Release|Any CPU
		{4624E915-FB86-4DDB-ACA6-A2313F70BA9C}.Release|Any CPU.Build.0 = Release|Any CPU
		{4624E915-FB86-4DDB-ACA6-A2313F70BA9C}.Release|x64.ActiveCfg = Release|x64
		{4624E915-FB86-4DDB-ACA6-A2313F70BA9C}.Release|x64.Build.0 = Release|x64
		{4624E915-FB86-4DDB-ACA6-A2313F70BA9C}.Release|x86.ActiveCfg = Release|x86
		{4624E915-FB86-4DDB-ACA6-A2313F70BA9C}.Release|x86.Build.0 = Release|x86
		{C43F73B7-D5D6-40D9-AD17-BA95FFDD7769}.Debug|Any CPU.ActiveCfg = Debug|Any CPU
		{C43F73B7-D5D6-40D9-AD17-BA95FFDD7769}.Debug|Any CPU.Build.0 = Debug|Any CPU
		{C43F73B7-D5D6-40D9-AD17-BA95FFDD7769}.Debug|x64.ActiveCfg = Debug|x64
		{C43F73B7-D5D6-40D9-AD17-BA95FFDD7769}.Debug|x64.Build.0 = Debug|x64
		{C43F73B7-D5D6-40D9-AD17-BA95FFDD7769}.Debug|x86.ActiveCfg = Debug|x86
		{C43F73B7-D5D6-40D9-AD17-BA95FFDD7769}.Debug|x86.Build.0 = Debug|x86
		{C43F73B7-D5D6-40D9-AD17-BA95FFDD7769}.Release|Any CPU.ActiveCfg = Release|Any CPU
		{C43F73B7-D5D6-40D9-AD17-BA95FFDD7769}.Release|Any CPU.Build.0 = Release|Any CPU
		{C43F73B7-D5D6-40D9-AD17-BA95FFDD7769}.Release|x64.ActiveCfg = Release|x64
		{C43F73B7-D5D6-40D9-AD17-BA95FFDD7769}.Release|x64.Build.0 = Release|x64
		{C43F73B7-D5D6-40D9-AD17-BA95FFDD7769}.Release|x86.ActiveCfg = Release|x86
		{C43F73B7-D5D6-40D9-AD17-BA95FFDD7769}.Release|x86.Build.0 = Release|x86
		{3624E915-FB86-4DDB-ACA6-A2313F70BA9C}.Debug|Any CPU.ActiveCfg = Debug|Any CPU
		{3624E915-FB86-4DDB-ACA6-A2313F70BA9C}.Debug|Any CPU.Build.0 = Debug|Any CPU
		{3624E915-FB86-4DDB-ACA6-A2313F70BA9C}.Debug|x64.ActiveCfg = Debug|x64
		{3624E915-FB86-4DDB-ACA6-A2313F70BA9C}.Debug|x64.Build.0 = Debug|x64
		{3624E915-FB86-4DDB-ACA6-A2313F70BA9C}.Debug|x86.ActiveCfg = Debug|x86
		{3624E915-FB86-4DDB-ACA6-A2313F70BA9C}.Debug|x86.Build.0 = Debug|x86
		{3624E915-FB86-4DDB-ACA6-A2313F70BA9C}.Release|Any CPU.ActiveCfg = Release|Any CPU
		{3624E915-FB86-4DDB-ACA6-A2313F70BA9C}.Release|Any CPU.Build.0 = Release|Any CPU
		{3624E915-FB86-4DDB-ACA6-A2313F70BA9C}.Release|x64.ActiveCfg = Release|x64
		{3624E915-FB86-4DDB-ACA6-A2313F70BA9C}.Release|x64.Build.0 = Release|x64
		{3624E915-FB86-4DDB-ACA6-A2313F70BA9C}.Release|x86.ActiveCfg = Release|x86
		{3624E915-FB86-4DDB-ACA6-A2313F70BA9C}.Release|x86.Build.0 = Release|x86
		{CEF21172-258C-4D0D-B024-ED7EF99612A2}.Debug|Any CPU.ActiveCfg = Debug|Any CPU
		{CEF21172-258C-4D0D-B024-ED7EF99612A2}.Debug|Any CPU.Build.0 = Debug|Any CPU
		{CEF21172-258C-4D0D-B024-ED7EF99612A2}.Debug|x64.ActiveCfg = Debug|x64
		{CEF21172-258C-4D0D-B024-ED7EF99612A2}.Debug|x64.Build.0 = Debug|x64
		{CEF21172-258C-4D0D-B024-ED7EF99612A2}.Debug|x86.ActiveCfg = Debug|x86
		{CEF21172-258C-4D0D-B024-ED7EF99612A2}.Debug|x86.Build.0 = Debug|x86
		{CEF21172-258C-4D0D-B024-ED7EF99612A2}.Release|Any CPU.ActiveCfg = Release|Any CPU
		{CEF21172-258C-4D0D-B024-ED7EF99612A2}.Release|Any CPU.Build.0 = Release|Any CPU
		{CEF21172-258C-4D0D-B024-ED7EF99612A2}.Release|x64.ActiveCfg = Release|x64
		{CEF21172-258C-4D0D-B024-ED7EF99612A2}.Release|x64.Build.0 = Release|x64
		{CEF21172-258C-4D0D-B024-ED7EF99612A2}.Release|x86.ActiveCfg = Release|x86
		{CEF21172-258C-4D0D-B024-ED7EF99612A2}.Release|x86.Build.0 = Release|x86
		{F19472F5-8C44-4C51-A8A0-B9DE5F555255}.Debug|Any CPU.ActiveCfg = Debug|Any CPU
		{F19472F5-8C44-4C51-A8A0-B9DE5F555255}.Debug|Any CPU.Build.0 = Debug|Any CPU
		{F19472F5-8C44-4C51-A8A0-B9DE5F555255}.Debug|x64.ActiveCfg = Debug|Any CPU
		{F19472F5-8C44-4C51-A8A0-B9DE5F555255}.Debug|x64.Build.0 = Debug|Any CPU
		{F19472F5-8C44-4C51-A8A0-B9DE5F555255}.Debug|x86.ActiveCfg = Debug|Any CPU
		{F19472F5-8C44-4C51-A8A0-B9DE5F555255}.Debug|x86.Build.0 = Debug|Any CPU
		{F19472F5-8C44-4C51-A8A0-B9DE5F555255}.Release|Any CPU.ActiveCfg = Release|Any CPU
		{F19472F5-8C44-4C51-A8A0-B9DE5F555255}.Release|Any CPU.Build.0 = Release|Any CPU
		{F19472F5-8C44-4C51-A8A0-B9DE5F555255}.Release|x64.ActiveCfg = Release|Any CPU
		{F19472F5-8C44-4C51-A8A0-B9DE5F555255}.Release|x64.Build.0 = Release|Any CPU
		{F19472F5-8C44-4C51-A8A0-B9DE5F555255}.Release|x86.ActiveCfg = Release|Any CPU
		{F19472F5-8C44-4C51-A8A0-B9DE5F555255}.Release|x86.Build.0 = Release|Any CPU
	EndGlobalSection
	GlobalSection(SolutionProperties) = preSolution
		HideSolutionNode = FALSE
	EndGlobalSection
	GlobalSection(ExtensibilityGlobals) = postSolution
		SolutionGuid = {D6065E86-DE07-4D68-BF6B-DE8CF2201347}
	EndGlobalSection
EndGlobal
